// !$*UTF8*$!
{
	archiveVersion = 1;
	classes = {
	};
	objectVersion = 56;
	objects = {

/* Begin PBXBuildFile section */
		C00592E829B8D77100EA33E1 /* UIButton + Extension.swift in Sources */ = {isa = PBXBuildFile; fileRef = C00592E729B8D77100EA33E1 /* UIButton + Extension.swift */; };
		C00592EA29B8DB6100EA33E1 /* UIFont + Extension.swift in Sources */ = {isa = PBXBuildFile; fileRef = C00592E929B8DB6100EA33E1 /* UIFont + Extension.swift */; };
		C00592EC29B8DCA800EA33E1 /* UIColor + Extension.swift in Sources */ = {isa = PBXBuildFile; fileRef = C00592EB29B8DCA800EA33E1 /* UIColor + Extension.swift */; };
		C00592EE29B8DFFA00EA33E1 /* UILabel + Extension.swift in Sources */ = {isa = PBXBuildFile; fileRef = C00592ED29B8DFFA00EA33E1 /* UILabel + Extension.swift */; };
		C00592F029B8E18700EA33E1 /* UIImageView + Extension.swift in Sources */ = {isa = PBXBuildFile; fileRef = C00592EF29B8E18600EA33E1 /* UIImageView + Extension.swift */; };
		C00592F429B8E61600EA33E1 /* ButtonFormView.swift in Sources */ = {isa = PBXBuildFile; fileRef = C00592F329B8E61600EA33E1 /* ButtonFormView.swift */; };
		C00592F629B8EDE100EA33E1 /* StackView + Extension.swift in Sources */ = {isa = PBXBuildFile; fileRef = C00592F529B8EDE100EA33E1 /* StackView + Extension.swift */; };
		C03C74BE29BA27CD00DD642D /* SignUpViewController.swift in Sources */ = {isa = PBXBuildFile; fileRef = C03C74BD29BA27CD00DD642D /* SignUpViewController.swift */; };
		C03C74C229BA2C0500DD642D /* OneLineTextField.swift in Sources */ = {isa = PBXBuildFile; fileRef = C03C74C129BA2C0500DD642D /* OneLineTextField.swift */; };
		C03C74C429BA4FD600DD642D /* LoginViewController.swift in Sources */ = {isa = PBXBuildFile; fileRef = C03C74C329BA4FD600DD642D /* LoginViewController.swift */; };
		C0476AA029BF425A00321499 /* Bundle-Decodable.swift in Sources */ = {isa = PBXBuildFile; fileRef = C0476A9F29BF425A00321499 /* Bundle-Decodable.swift */; };
		C0476AA429BF475300321499 /* activeChats.json in Resources */ = {isa = PBXBuildFile; fileRef = C0476AA329BF475300321499 /* activeChats.json */; };
		C0476AA629BF484400321499 /* waitingChats.json in Resources */ = {isa = PBXBuildFile; fileRef = C0476AA529BF484400321499 /* waitingChats.json */; };
		C0476AA929BF62C600321499 /* ActiveChatCell.swift in Sources */ = {isa = PBXBuildFile; fileRef = C0476AA829BF62C600321499 /* ActiveChatCell.swift */; };
		C0476AAB29BF82E500321499 /* GradientView.swift in Sources */ = {isa = PBXBuildFile; fileRef = C0476AAA29BF82E500321499 /* GradientView.swift */; };
		C0476AAD29C07E4E00321499 /* WaitingChatCell.swift in Sources */ = {isa = PBXBuildFile; fileRef = C0476AAC29C07E4E00321499 /* WaitingChatCell.swift */; };
		C0476AB029C0809D00321499 /* SelfConfigureCellProtocol.swift in Sources */ = {isa = PBXBuildFile; fileRef = C0476AAF29C0809D00321499 /* SelfConfigureCellProtocol.swift */; };
		C0476AB229C08BF700321499 /* SectionHeader.swift in Sources */ = {isa = PBXBuildFile; fileRef = C0476AB129C08BF700321499 /* SectionHeader.swift */; };
		C0476AB429C0A38C00321499 /* users.json in Resources */ = {isa = PBXBuildFile; fileRef = C0476AB329C0A38C00321499 /* users.json */; };
		C0476AB729C0A56F00321499 /* MChat.swift in Sources */ = {isa = PBXBuildFile; fileRef = C0476AB629C0A56F00321499 /* MChat.swift */; };
		C0476AB929C0A5B000321499 /* User.swift in Sources */ = {isa = PBXBuildFile; fileRef = C0476AB829C0A5B000321499 /* User.swift */; };
		C08845C729B8CA6F00EFACFF /* AppDelegate.swift in Sources */ = {isa = PBXBuildFile; fileRef = C08845C629B8CA6F00EFACFF /* AppDelegate.swift */; };
		C08845C929B8CA6F00EFACFF /* SceneDelegate.swift in Sources */ = {isa = PBXBuildFile; fileRef = C08845C829B8CA6F00EFACFF /* SceneDelegate.swift */; };
		C08845CB29B8CA6F00EFACFF /* AuthViewController.swift in Sources */ = {isa = PBXBuildFile; fileRef = C08845CA29B8CA6F00EFACFF /* AuthViewController.swift */; };
		C08845D029B8CA7100EFACFF /* Assets.xcassets in Resources */ = {isa = PBXBuildFile; fileRef = C08845CF29B8CA7100EFACFF /* Assets.xcassets */; };
		C08845D329B8CA7100EFACFF /* LaunchScreen.storyboard in Resources */ = {isa = PBXBuildFile; fileRef = C08845D129B8CA7100EFACFF /* LaunchScreen.storyboard */; };
		C0C382D129BC7CE0001585B2 /* ListViewController.swift in Sources */ = {isa = PBXBuildFile; fileRef = C0C382D029BC7CE0001585B2 /* ListViewController.swift */; };
		C0C382D329BC7FE2001585B2 /* MainTabBarController.swift in Sources */ = {isa = PBXBuildFile; fileRef = C0C382D229BC7FE2001585B2 /* MainTabBarController.swift */; };
		C0C382D529BC8051001585B2 /* PeopleViewController.swift in Sources */ = {isa = PBXBuildFile; fileRef = C0C382D429BC8051001585B2 /* PeopleViewController.swift */; };
		C0D6D31629BB6E3200837822 /* SetupProfileViewController.swift in Sources */ = {isa = PBXBuildFile; fileRef = C0D6D31529BB6E3200837822 /* SetupProfileViewController.swift */; };
		C0D6D31829BB713D00837822 /* AddPhotoView.swift in Sources */ = {isa = PBXBuildFile; fileRef = C0D6D31729BB713D00837822 /* AddPhotoView.swift */; };
/* End PBXBuildFile section */

/* Begin PBXFileReference section */
		C00592E729B8D77100EA33E1 /* UIButton + Extension.swift */ = {isa = PBXFileReference; lastKnownFileType = sourcecode.swift; path = "UIButton + Extension.swift"; sourceTree = "<group>"; };
		C00592E929B8DB6100EA33E1 /* UIFont + Extension.swift */ = {isa = PBXFileReference; lastKnownFileType = sourcecode.swift; path = "UIFont + Extension.swift"; sourceTree = "<group>"; };
		C00592EB29B8DCA800EA33E1 /* UIColor + Extension.swift */ = {isa = PBXFileReference; lastKnownFileType = sourcecode.swift; path = "UIColor + Extension.swift"; sourceTree = "<group>"; };
		C00592ED29B8DFFA00EA33E1 /* UILabel + Extension.swift */ = {isa = PBXFileReference; lastKnownFileType = sourcecode.swift; path = "UILabel + Extension.swift"; sourceTree = "<group>"; };
		C00592EF29B8E18600EA33E1 /* UIImageView + Extension.swift */ = {isa = PBXFileReference; lastKnownFileType = sourcecode.swift; path = "UIImageView + Extension.swift"; sourceTree = "<group>"; };
		C00592F329B8E61600EA33E1 /* ButtonFormView.swift */ = {isa = PBXFileReference; lastKnownFileType = sourcecode.swift; path = ButtonFormView.swift; sourceTree = "<group>"; };
		C00592F529B8EDE100EA33E1 /* StackView + Extension.swift */ = {isa = PBXFileReference; lastKnownFileType = sourcecode.swift; path = "StackView + Extension.swift"; sourceTree = "<group>"; };
		C03C74BD29BA27CD00DD642D /* SignUpViewController.swift */ = {isa = PBXFileReference; lastKnownFileType = sourcecode.swift; path = SignUpViewController.swift; sourceTree = "<group>"; };
		C03C74C129BA2C0500DD642D /* OneLineTextField.swift */ = {isa = PBXFileReference; lastKnownFileType = sourcecode.swift; path = OneLineTextField.swift; sourceTree = "<group>"; };
		C03C74C329BA4FD600DD642D /* LoginViewController.swift */ = {isa = PBXFileReference; lastKnownFileType = sourcecode.swift; path = LoginViewController.swift; sourceTree = "<group>"; };
		C0476A9F29BF425A00321499 /* Bundle-Decodable.swift */ = {isa = PBXFileReference; lastKnownFileType = sourcecode.swift; path = "Bundle-Decodable.swift"; sourceTree = "<group>"; };
		C0476AA329BF475300321499 /* activeChats.json */ = {isa = PBXFileReference; lastKnownFileType = text.json; path = activeChats.json; sourceTree = "<group>"; };
		C0476AA529BF484400321499 /* waitingChats.json */ = {isa = PBXFileReference; lastKnownFileType = text.json; path = waitingChats.json; sourceTree = "<group>"; };
		C0476AA829BF62C600321499 /* ActiveChatCell.swift */ = {isa = PBXFileReference; lastKnownFileType = sourcecode.swift; path = ActiveChatCell.swift; sourceTree = "<group>"; };
		C0476AAA29BF82E500321499 /* GradientView.swift */ = {isa = PBXFileReference; lastKnownFileType = sourcecode.swift; path = GradientView.swift; sourceTree = "<group>"; };
		C0476AAC29C07E4E00321499 /* WaitingChatCell.swift */ = {isa = PBXFileReference; lastKnownFileType = sourcecode.swift; path = WaitingChatCell.swift; sourceTree = "<group>"; };
		C0476AAF29C0809D00321499 /* SelfConfigureCellProtocol.swift */ = {isa = PBXFileReference; lastKnownFileType = sourcecode.swift; path = SelfConfigureCellProtocol.swift; sourceTree = "<group>"; };
		C0476AB129C08BF700321499 /* SectionHeader.swift */ = {isa = PBXFileReference; lastKnownFileType = sourcecode.swift; path = SectionHeader.swift; sourceTree = "<group>"; };
		C0476AB329C0A38C00321499 /* users.json */ = {isa = PBXFileReference; lastKnownFileType = text.json; path = users.json; sourceTree = "<group>"; };
		C0476AB629C0A56F00321499 /* MChat.swift */ = {isa = PBXFileReference; lastKnownFileType = sourcecode.swift; path = MChat.swift; sourceTree = "<group>"; };
		C0476AB829C0A5B000321499 /* User.swift */ = {isa = PBXFileReference; lastKnownFileType = sourcecode.swift; path = User.swift; sourceTree = "<group>"; };
		C08845C329B8CA6F00EFACFF /* Chat.app */ = {isa = PBXFileReference; explicitFileType = wrapper.application; includeInIndex = 0; path = Chat.app; sourceTree = BUILT_PRODUCTS_DIR; };
		C08845C629B8CA6F00EFACFF /* AppDelegate.swift */ = {isa = PBXFileReference; lastKnownFileType = sourcecode.swift; path = AppDelegate.swift; sourceTree = "<group>"; };
		C08845C829B8CA6F00EFACFF /* SceneDelegate.swift */ = {isa = PBXFileReference; lastKnownFileType = sourcecode.swift; path = SceneDelegate.swift; sourceTree = "<group>"; };
		C08845CA29B8CA6F00EFACFF /* AuthViewController.swift */ = {isa = PBXFileReference; lastKnownFileType = sourcecode.swift; path = AuthViewController.swift; sourceTree = "<group>"; };
		C08845CF29B8CA7100EFACFF /* Assets.xcassets */ = {isa = PBXFileReference; lastKnownFileType = folder.assetcatalog; path = Assets.xcassets; sourceTree = "<group>"; };
		C08845D229B8CA7100EFACFF /* Base */ = {isa = PBXFileReference; lastKnownFileType = file.storyboard; name = Base; path = Base.lproj/LaunchScreen.storyboard; sourceTree = "<group>"; };
		C08845D429B8CA7100EFACFF /* Info.plist */ = {isa = PBXFileReference; lastKnownFileType = text.plist.xml; path = Info.plist; sourceTree = "<group>"; };
		C0C382D029BC7CE0001585B2 /* ListViewController.swift */ = {isa = PBXFileReference; lastKnownFileType = sourcecode.swift; path = ListViewController.swift; sourceTree = "<group>"; };
		C0C382D229BC7FE2001585B2 /* MainTabBarController.swift */ = {isa = PBXFileReference; lastKnownFileType = sourcecode.swift; path = MainTabBarController.swift; sourceTree = "<group>"; };
		C0C382D429BC8051001585B2 /* PeopleViewController.swift */ = {isa = PBXFileReference; lastKnownFileType = sourcecode.swift; path = PeopleViewController.swift; sourceTree = "<group>"; };
		C0D6D31529BB6E3200837822 /* SetupProfileViewController.swift */ = {isa = PBXFileReference; lastKnownFileType = sourcecode.swift; path = SetupProfileViewController.swift; sourceTree = "<group>"; };
		C0D6D31729BB713D00837822 /* AddPhotoView.swift */ = {isa = PBXFileReference; lastKnownFileType = sourcecode.swift; path = AddPhotoView.swift; sourceTree = "<group>"; };
/* End PBXFileReference section */

/* Begin PBXFrameworksBuildPhase section */
		C08845C029B8CA6F00EFACFF /* Frameworks */ = {
			isa = PBXFrameworksBuildPhase;
			buildActionMask = 2147483647;
			files = (
			);
			runOnlyForDeploymentPostprocessing = 0;
		};
/* End PBXFrameworksBuildPhase section */

/* Begin PBXGroup section */
		C00592F129B8E39300EA33E1 /* UIKit */ = {
			isa = PBXGroup;
			children = (
				C00592F529B8EDE100EA33E1 /* StackView + Extension.swift */,
				C00592EF29B8E18600EA33E1 /* UIImageView + Extension.swift */,
				C00592ED29B8DFFA00EA33E1 /* UILabel + Extension.swift */,
				C00592EB29B8DCA800EA33E1 /* UIColor + Extension.swift */,
				C00592E929B8DB6100EA33E1 /* UIFont + Extension.swift */,
				C00592E729B8D77100EA33E1 /* UIButton + Extension.swift */,
				C0476AA329BF475300321499 /* activeChats.json */,
				C0476AA529BF484400321499 /* waitingChats.json */,
				C0476AB329C0A38C00321499 /* users.json */,
			);
			path = UIKit;
			sourceTree = "<group>";
		};
		C00592F229B8E3A300EA33E1 /* Extensions */ = {
			isa = PBXGroup;
			children = (
				C00592F329B8E61600EA33E1 /* ButtonFormView.swift */,
				C03C74C129BA2C0500DD642D /* OneLineTextField.swift */,
				C0D6D31729BB713D00837822 /* AddPhotoView.swift */,
				C0476A9F29BF425A00321499 /* Bundle-Decodable.swift */,
				C0476AAA29BF82E500321499 /* GradientView.swift */,
				C0476AB129C08BF700321499 /* SectionHeader.swift */,
				C00592F129B8E39300EA33E1 /* UIKit */,
			);
			path = Extensions;
			sourceTree = "<group>";
		};
		C03C74BF29BA27F200DD642D /* App */ = {
			isa = PBXGroup;
			children = (
				C08845C629B8CA6F00EFACFF /* AppDelegate.swift */,
				C08845C829B8CA6F00EFACFF /* SceneDelegate.swift */,
				C08845D429B8CA7100EFACFF /* Info.plist */,
			);
			path = App;
			sourceTree = "<group>";
		};
		C03C74C029BA284C00DD642D /* ViewControllers */ = {
			isa = PBXGroup;
			children = (
				C08845CA29B8CA6F00EFACFF /* AuthViewController.swift */,
				C03C74BD29BA27CD00DD642D /* SignUpViewController.swift */,
				C03C74C329BA4FD600DD642D /* LoginViewController.swift */,
				C0D6D31529BB6E3200837822 /* SetupProfileViewController.swift */,
				C0C382D229BC7FE2001585B2 /* MainTabBarController.swift */,
				C0C382D029BC7CE0001585B2 /* ListViewController.swift */,
				C0C382D429BC8051001585B2 /* PeopleViewController.swift */,
			);
			path = ViewControllers;
			sourceTree = "<group>";
		};
		C0476AA729BF629E00321499 /* Cell */ = {
			isa = PBXGroup;
			children = (
				C0476AA829BF62C600321499 /* ActiveChatCell.swift */,
				C0476AAC29C07E4E00321499 /* WaitingChatCell.swift */,
			);
			path = Cell;
			sourceTree = "<group>";
		};
		C0476AAE29C0806900321499 /* Protocols */ = {
			isa = PBXGroup;
			children = (
				C0476AAF29C0809D00321499 /* SelfConfigureCellProtocol.swift */,
			);
			path = Protocols;
			sourceTree = "<group>";
		};
		C0476AB529C0A56200321499 /* Models */ = {
			isa = PBXGroup;
			children = (
				C0476AB629C0A56F00321499 /* MChat.swift */,
				C0476AB829C0A5B000321499 /* User.swift */,
			);
			path = Models;
			sourceTree = "<group>";
		};
		C08845BA29B8CA6F00EFACFF = {
			isa = PBXGroup;
			children = (
				C08845C529B8CA6F00EFACFF /* Chat */,
				C08845C429B8CA6F00EFACFF /* Products */,
			);
			sourceTree = "<group>";
		};
		C08845C429B8CA6F00EFACFF /* Products */ = {
			isa = PBXGroup;
			children = (
				C08845C329B8CA6F00EFACFF /* Chat.app */,
			);
			name = Products;
			sourceTree = "<group>";
		};
		C08845C529B8CA6F00EFACFF /* Chat */ = {
			isa = PBXGroup;
			children = (
				C0476AB529C0A56200321499 /* Models */,
				C03C74BF29BA27F200DD642D /* App */,
				C03C74C029BA284C00DD642D /* ViewControllers */,
				C0476AA729BF629E00321499 /* Cell */,
				C0476AAE29C0806900321499 /* Protocols */,
				C00592F229B8E3A300EA33E1 /* Extensions */,
				C08845CF29B8CA7100EFACFF /* Assets.xcassets */,
				C08845D129B8CA7100EFACFF /* LaunchScreen.storyboard */,
			);
			path = Chat;
			sourceTree = "<group>";
		};
/* End PBXGroup section */

/* Begin PBXNativeTarget section */
		C08845C229B8CA6F00EFACFF /* Chat */ = {
			isa = PBXNativeTarget;
			buildConfigurationList = C08845D729B8CA7100EFACFF /* Build configuration list for PBXNativeTarget "Chat" */;
			buildPhases = (
				C08845BF29B8CA6F00EFACFF /* Sources */,
				C08845C029B8CA6F00EFACFF /* Frameworks */,
				C08845C129B8CA6F00EFACFF /* Resources */,
			);
			buildRules = (
			);
			dependencies = (
			);
			name = Chat;
			productName = Chat;
			productReference = C08845C329B8CA6F00EFACFF /* Chat.app */;
			productType = "com.apple.product-type.application";
		};
/* End PBXNativeTarget section */

/* Begin PBXProject section */
		C08845BB29B8CA6F00EFACFF /* Project object */ = {
			isa = PBXProject;
			attributes = {
				BuildIndependentTargetsInParallel = 1;
				LastSwiftUpdateCheck = 1420;
				LastUpgradeCheck = 1420;
				TargetAttributes = {
					C08845C229B8CA6F00EFACFF = {
						CreatedOnToolsVersion = 14.2;
					};
				};
			};
			buildConfigurationList = C08845BE29B8CA6F00EFACFF /* Build configuration list for PBXProject "Chat" */;
			compatibilityVersion = "Xcode 14.0";
			developmentRegion = en;
			hasScannedForEncodings = 0;
			knownRegions = (
				en,
				Base,
			);
			mainGroup = C08845BA29B8CA6F00EFACFF;
			productRefGroup = C08845C429B8CA6F00EFACFF /* Products */;
			projectDirPath = "";
			projectRoot = "";
			targets = (
				C08845C229B8CA6F00EFACFF /* Chat */,
			);
		};
/* End PBXProject section */

/* Begin PBXResourcesBuildPhase section */
		C08845C129B8CA6F00EFACFF /* Resources */ = {
			isa = PBXResourcesBuildPhase;
			buildActionMask = 2147483647;
			files = (
				C0476AB429C0A38C00321499 /* users.json in Resources */,
				C08845D329B8CA7100EFACFF /* LaunchScreen.storyboard in Resources */,
				C0476AA429BF475300321499 /* activeChats.json in Resources */,
				C08845D029B8CA7100EFACFF /* Assets.xcassets in Resources */,
				C0476AA629BF484400321499 /* waitingChats.json in Resources */,
			);
			runOnlyForDeploymentPostprocessing = 0;
		};
/* End PBXResourcesBuildPhase section */

/* Begin PBXSourcesBuildPhase section */
		C08845BF29B8CA6F00EFACFF /* Sources */ = {
			isa = PBXSourcesBuildPhase;
			buildActionMask = 2147483647;
			files = (
				C0476AB729C0A56F00321499 /* MChat.swift in Sources */,
				C03C74C229BA2C0500DD642D /* OneLineTextField.swift in Sources */,
				C03C74BE29BA27CD00DD642D /* SignUpViewController.swift in Sources */,
				C00592EA29B8DB6100EA33E1 /* UIFont + Extension.swift in Sources */,
				C0476AA929BF62C600321499 /* ActiveChatCell.swift in Sources */,
				C08845CB29B8CA6F00EFACFF /* AuthViewController.swift in Sources */,
				C0D6D31629BB6E3200837822 /* SetupProfileViewController.swift in Sources */,
				C0C382D529BC8051001585B2 /* PeopleViewController.swift in Sources */,
				C00592EE29B8DFFA00EA33E1 /* UILabel + Extension.swift in Sources */,
				C00592F429B8E61600EA33E1 /* ButtonFormView.swift in Sources */,
				C0D6D31829BB713D00837822 /* AddPhotoView.swift in Sources */,
				C0476AA029BF425A00321499 /* Bundle-Decodable.swift in Sources */,
				C0476AAB29BF82E500321499 /* GradientView.swift in Sources */,
				C08845C729B8CA6F00EFACFF /* AppDelegate.swift in Sources */,
				C00592F029B8E18700EA33E1 /* UIImageView + Extension.swift in Sources */,
				C00592EC29B8DCA800EA33E1 /* UIColor + Extension.swift in Sources */,
				C0476AB029C0809D00321499 /* SelfConfigureCellProtocol.swift in Sources */,
				C08845C929B8CA6F00EFACFF /* SceneDelegate.swift in Sources */,
				C00592E829B8D77100EA33E1 /* UIButton + Extension.swift in Sources */,
				C03C74C429BA4FD600DD642D /* LoginViewController.swift in Sources */,
				C0C382D129BC7CE0001585B2 /* ListViewController.swift in Sources */,
				C0476AB229C08BF700321499 /* SectionHeader.swift in Sources */,
				C0476AB929C0A5B000321499 /* User.swift in Sources */,
				C0476AAD29C07E4E00321499 /* WaitingChatCell.swift in Sources */,
				C00592F629B8EDE100EA33E1 /* StackView + Extension.swift in Sources */,
				C0C382D329BC7FE2001585B2 /* MainTabBarController.swift in Sources */,
			);
			runOnlyForDeploymentPostprocessing = 0;
		};
/* End PBXSourcesBuildPhase section */

/* Begin PBXVariantGroup section */
		C08845D129B8CA7100EFACFF /* LaunchScreen.storyboard */ = {
			isa = PBXVariantGroup;
			children = (
				C08845D229B8CA7100EFACFF /* Base */,
			);
			name = LaunchScreen.storyboard;
			sourceTree = "<group>";
		};
/* End PBXVariantGroup section */

/* Begin XCBuildConfiguration section */
		C08845D529B8CA7100EFACFF /* Debug */ = {
			isa = XCBuildConfiguration;
			buildSettings = {
				ALWAYS_SEARCH_USER_PATHS = NO;
				CLANG_ANALYZER_NONNULL = YES;
				CLANG_ANALYZER_NUMBER_OBJECT_CONVERSION = YES_AGGRESSIVE;
				CLANG_CXX_LANGUAGE_STANDARD = "gnu++20";
				CLANG_ENABLE_MODULES = YES;
				CLANG_ENABLE_OBJC_ARC = YES;
				CLANG_ENABLE_OBJC_WEAK = YES;
				CLANG_WARN_BLOCK_CAPTURE_AUTORELEASING = YES;
				CLANG_WARN_BOOL_CONVERSION = YES;
				CLANG_WARN_COMMA = YES;
				CLANG_WARN_CONSTANT_CONVERSION = YES;
				CLANG_WARN_DEPRECATED_OBJC_IMPLEMENTATIONS = YES;
				CLANG_WARN_DIRECT_OBJC_ISA_USAGE = YES_ERROR;
				CLANG_WARN_DOCUMENTATION_COMMENTS = YES;
				CLANG_WARN_EMPTY_BODY = YES;
				CLANG_WARN_ENUM_CONVERSION = YES;
				CLANG_WARN_INFINITE_RECURSION = YES;
				CLANG_WARN_INT_CONVERSION = YES;
				CLANG_WARN_NON_LITERAL_NULL_CONVERSION = YES;
				CLANG_WARN_OBJC_IMPLICIT_RETAIN_SELF = YES;
				CLANG_WARN_OBJC_LITERAL_CONVERSION = YES;
				CLANG_WARN_OBJC_ROOT_CLASS = YES_ERROR;
				CLANG_WARN_QUOTED_INCLUDE_IN_FRAMEWORK_HEADER = YES;
				CLANG_WARN_RANGE_LOOP_ANALYSIS = YES;
				CLANG_WARN_STRICT_PROTOTYPES = YES;
				CLANG_WARN_SUSPICIOUS_MOVE = YES;
				CLANG_WARN_UNGUARDED_AVAILABILITY = YES_AGGRESSIVE;
				CLANG_WARN_UNREACHABLE_CODE = YES;
				CLANG_WARN__DUPLICATE_METHOD_MATCH = YES;
				COPY_PHASE_STRIP = NO;
				DEBUG_INFORMATION_FORMAT = dwarf;
				ENABLE_STRICT_OBJC_MSGSEND = YES;
				ENABLE_TESTABILITY = YES;
				GCC_C_LANGUAGE_STANDARD = gnu11;
				GCC_DYNAMIC_NO_PIC = NO;
				GCC_NO_COMMON_BLOCKS = YES;
				GCC_OPTIMIZATION_LEVEL = 0;
				GCC_PREPROCESSOR_DEFINITIONS = (
					"DEBUG=1",
					"$(inherited)",
				);
				GCC_WARN_64_TO_32_BIT_CONVERSION = YES;
				GCC_WARN_ABOUT_RETURN_TYPE = YES_ERROR;
				GCC_WARN_UNDECLARED_SELECTOR = YES;
				GCC_WARN_UNINITIALIZED_AUTOS = YES_AGGRESSIVE;
				GCC_WARN_UNUSED_FUNCTION = YES;
				GCC_WARN_UNUSED_VARIABLE = YES;
				IPHONEOS_DEPLOYMENT_TARGET = 16.2;
				MTL_ENABLE_DEBUG_INFO = INCLUDE_SOURCE;
				MTL_FAST_MATH = YES;
				ONLY_ACTIVE_ARCH = YES;
				SDKROOT = iphoneos;
				SWIFT_ACTIVE_COMPILATION_CONDITIONS = DEBUG;
				SWIFT_OPTIMIZATION_LEVEL = "-Onone";
			};
			name = Debug;
		};
		C08845D629B8CA7100EFACFF /* Release */ = {
			isa = XCBuildConfiguration;
			buildSettings = {
				ALWAYS_SEARCH_USER_PATHS = NO;
				CLANG_ANALYZER_NONNULL = YES;
				CLANG_ANALYZER_NUMBER_OBJECT_CONVERSION = YES_AGGRESSIVE;
				CLANG_CXX_LANGUAGE_STANDARD = "gnu++20";
				CLANG_ENABLE_MODULES = YES;
				CLANG_ENABLE_OBJC_ARC = YES;
				CLANG_ENABLE_OBJC_WEAK = YES;
				CLANG_WARN_BLOCK_CAPTURE_AUTORELEASING = YES;
				CLANG_WARN_BOOL_CONVERSION = YES;
				CLANG_WARN_COMMA = YES;
				CLANG_WARN_CONSTANT_CONVERSION = YES;
				CLANG_WARN_DEPRECATED_OBJC_IMPLEMENTATIONS = YES;
				CLANG_WARN_DIRECT_OBJC_ISA_USAGE = YES_ERROR;
				CLANG_WARN_DOCUMENTATION_COMMENTS = YES;
				CLANG_WARN_EMPTY_BODY = YES;
				CLANG_WARN_ENUM_CONVERSION = YES;
				CLANG_WARN_INFINITE_RECURSION = YES;
				CLANG_WARN_INT_CONVERSION = YES;
				CLANG_WARN_NON_LITERAL_NULL_CONVERSION = YES;
				CLANG_WARN_OBJC_IMPLICIT_RETAIN_SELF = YES;
				CLANG_WARN_OBJC_LITERAL_CONVERSION = YES;
				CLANG_WARN_OBJC_ROOT_CLASS = YES_ERROR;
				CLANG_WARN_QUOTED_INCLUDE_IN_FRAMEWORK_HEADER = YES;
				CLANG_WARN_RANGE_LOOP_ANALYSIS = YES;
				CLANG_WARN_STRICT_PROTOTYPES = YES;
				CLANG_WARN_SUSPICIOUS_MOVE = YES;
				CLANG_WARN_UNGUARDED_AVAILABILITY = YES_AGGRESSIVE;
				CLANG_WARN_UNREACHABLE_CODE = YES;
				CLANG_WARN__DUPLICATE_METHOD_MATCH = YES;
				COPY_PHASE_STRIP = NO;
				DEBUG_INFORMATION_FORMAT = "dwarf-with-dsym";
				ENABLE_NS_ASSERTIONS = NO;
				ENABLE_STRICT_OBJC_MSGSEND = YES;
				GCC_C_LANGUAGE_STANDARD = gnu11;
				GCC_NO_COMMON_BLOCKS = YES;
				GCC_WARN_64_TO_32_BIT_CONVERSION = YES;
				GCC_WARN_ABOUT_RETURN_TYPE = YES_ERROR;
				GCC_WARN_UNDECLARED_SELECTOR = YES;
				GCC_WARN_UNINITIALIZED_AUTOS = YES_AGGRESSIVE;
				GCC_WARN_UNUSED_FUNCTION = YES;
				GCC_WARN_UNUSED_VARIABLE = YES;
				IPHONEOS_DEPLOYMENT_TARGET = 16.2;
				MTL_ENABLE_DEBUG_INFO = NO;
				MTL_FAST_MATH = YES;
				SDKROOT = iphoneos;
				SWIFT_COMPILATION_MODE = wholemodule;
				SWIFT_OPTIMIZATION_LEVEL = "-O";
				VALIDATE_PRODUCT = YES;
			};
			name = Release;
		};
		C08845D829B8CA7100EFACFF /* Debug */ = {
			isa = XCBuildConfiguration;
			buildSettings = {
				ASSETCATALOG_COMPILER_APPICON_NAME = AppIcon;
				ASSETCATALOG_COMPILER_GLOBAL_ACCENT_COLOR_NAME = AccentColor;
				CODE_SIGN_STYLE = Automatic;
				CURRENT_PROJECT_VERSION = 1;
				DEVELOPMENT_TEAM = C5T3VHXRCH;
				GENERATE_INFOPLIST_FILE = YES;
				INFOPLIST_FILE = Chat/App/Info.plist;
				INFOPLIST_KEY_UIApplicationSupportsIndirectInputEvents = YES;
				INFOPLIST_KEY_UILaunchStoryboardName = LaunchScreen;
				INFOPLIST_KEY_UISupportedInterfaceOrientations = UIInterfaceOrientationPortrait;
				INFOPLIST_KEY_UISupportedInterfaceOrientations_iPad = "UIInterfaceOrientationLandscapeLeft UIInterfaceOrientationLandscapeRight UIInterfaceOrientationPortrait UIInterfaceOrientationPortraitUpsideDown";
				IPHONEOS_DEPLOYMENT_TARGET = 16.0;
				LD_RUNPATH_SEARCH_PATHS = (
					"$(inherited)",
					"@executable_path/Frameworks",
				);
				MARKETING_VERSION = 1.0;
				PRODUCT_BUNDLE_IDENTIFIER = ru.armen.Chat;
				PRODUCT_NAME = "$(TARGET_NAME)";
				SUPPORTED_PLATFORMS = "iphoneos iphonesimulator";
				SUPPORTS_MACCATALYST = NO;
				SUPPORTS_MAC_DESIGNED_FOR_IPHONE_IPAD = NO;
				SWIFT_EMIT_LOC_STRINGS = YES;
				SWIFT_VERSION = 5.0;
				TARGETED_DEVICE_FAMILY = 1;
			};
			name = Debug;
		};
		C08845D929B8CA7100EFACFF /* Release */ = {
			isa = XCBuildConfiguration;
			buildSettings = {
				ASSETCATALOG_COMPILER_APPICON_NAME = AppIcon;
				ASSETCATALOG_COMPILER_GLOBAL_ACCENT_COLOR_NAME = AccentColor;
				CODE_SIGN_STYLE = Automatic;
				CURRENT_PROJECT_VERSION = 1;
				DEVELOPMENT_TEAM = C5T3VHXRCH;
				GENERATE_INFOPLIST_FILE = YES;
				INFOPLIST_FILE = Chat/App/Info.plist;
				INFOPLIST_KEY_UIApplicationSupportsIndirectInputEvents = YES;
				INFOPLIST_KEY_UILaunchStoryboardName = LaunchScreen;
				INFOPLIST_KEY_UISupportedInterfaceOrientations = UIInterfaceOrientationPortrait;
				INFOPLIST_KEY_UISupportedInterfaceOrientations_iPad = "UIInterfaceOrientationLandscapeLeft UIInterfaceOrientationLandscapeRight UIInterfaceOrientationPortrait UIInterfaceOrientationPortraitUpsideDown";
				IPHONEOS_DEPLOYMENT_TARGET = 16.0;
				LD_RUNPATH_SEARCH_PATHS = (
					"$(inherited)",
					"@executable_path/Frameworks",
				);
				MARKETING_VERSION = 1.0;
				PRODUCT_BUNDLE_IDENTIFIER = ru.armen.Chat;
				PRODUCT_NAME = "$(TARGET_NAME)";
				SUPPORTED_PLATFORMS = "iphoneos iphonesimulator";
				SUPPORTS_MACCATALYST = NO;
				SUPPORTS_MAC_DESIGNED_FOR_IPHONE_IPAD = NO;
				SWIFT_EMIT_LOC_STRINGS = YES;
				SWIFT_VERSION = 5.0;
				TARGETED_DEVICE_FAMILY = 1;
			};
			name = Release;
		};
/* End XCBuildConfiguration section */

/* Begin XCConfigurationList section */
		C08845BE29B8CA6F00EFACFF /* Build configuration list for PBXProject "Chat" */ = {
			isa = XCConfigurationList;
			buildConfigurations = (
				C08845D529B8CA7100EFACFF /* Debug */,
				C08845D629B8CA7100EFACFF /* Release */,
			);
			defaultConfigurationIsVisible = 0;
			defaultConfigurationName = Release;
		};
		C08845D729B8CA7100EFACFF /* Build configuration list for PBXNativeTarget "Chat" */ = {
			isa = XCConfigurationList;
			buildConfigurations = (
				C08845D829B8CA7100EFACFF /* Debug */,
				C08845D929B8CA7100EFACFF /* Release */,
			);
			defaultConfigurationIsVisible = 0;
			defaultConfigurationName = Release;
		};
/* End XCConfigurationList section */
	};
	rootObject = C08845BB29B8CA6F00EFACFF /* Project object */;
}
